// !$*UTF8*$!
{
	archiveVersion = 1;
	classes = {
	};
	objectVersion = 50;
	objects = {

/* Begin PBXBuildFile section */
		3D6C4DB22520F88B00314930 /* UIView.swift in Sources */ = {isa = PBXBuildFile; fileRef = 3D6C4DB12520F88B00314930 /* UIView.swift */; };
		3D6C4DCC25218CD600314930 /* CompanyDataModel.xcdatamodeld in Sources */ = {isa = PBXBuildFile; fileRef = 3D6C4DCA25218CD600314930 /* CompanyDataModel.xcdatamodeld */; };
		3D6C4DD125218D5700314930 /* CoreDataManager.swift in Sources */ = {isa = PBXBuildFile; fileRef = 3D6C4DD025218D5700314930 /* CoreDataManager.swift */; };
		3DD8C502251FCDC5007739F7 /* AppDelegate.swift in Sources */ = {isa = PBXBuildFile; fileRef = 3DD8C501251FCDC5007739F7 /* AppDelegate.swift */; };
		3DD8C504251FCDC5007739F7 /* SceneDelegate.swift in Sources */ = {isa = PBXBuildFile; fileRef = 3DD8C503251FCDC5007739F7 /* SceneDelegate.swift */; };
		3DD8C506251FCDC5007739F7 /* HomeController.swift in Sources */ = {isa = PBXBuildFile; fileRef = 3DD8C505251FCDC5007739F7 /* HomeController.swift */; };
		3DD8C509251FCDC5007739F7 /* Main.storyboard in Resources */ = {isa = PBXBuildFile; fileRef = 3DD8C507251FCDC5007739F7 /* Main.storyboard */; };
		3DD8C50B251FCDC7007739F7 /* Assets.xcassets in Resources */ = {isa = PBXBuildFile; fileRef = 3DD8C50A251FCDC7007739F7 /* Assets.xcassets */; };
		3DD8C50E251FCDC7007739F7 /* LaunchScreen.storyboard in Resources */ = {isa = PBXBuildFile; fileRef = 3DD8C50C251FCDC7007739F7 /* LaunchScreen.storyboard */; };
		3DD8C51B251FD280007739F7 /* CustomNavigationController.swift in Sources */ = {isa = PBXBuildFile; fileRef = 3DD8C51A251FD280007739F7 /* CustomNavigationController.swift */; };
		3DD8C521251FDB2C007739F7 /* UIColor.swift in Sources */ = {isa = PBXBuildFile; fileRef = 3DD8C520251FDB2C007739F7 /* UIColor.swift */; };
		3DD8C5252520386C007739F7 /* Company.swift in Sources */ = {isa = PBXBuildFile; fileRef = 3DD8C5242520386C007739F7 /* Company.swift */; };
		3DD8C52825203C0A007739F7 /* CreateCompanyController.swift in Sources */ = {isa = PBXBuildFile; fileRef = 3DD8C52725203C0A007739F7 /* CreateCompanyController.swift */; };
		3DD8C52B25203F7E007739F7 /* UIViewController.swift in Sources */ = {isa = PBXBuildFile; fileRef = 3DD8C52A25203F7E007739F7 /* UIViewController.swift */; };
/* End PBXBuildFile section */

/* Begin PBXFileReference section */
		3D6C4DB12520F88B00314930 /* UIView.swift */ = {isa = PBXFileReference; lastKnownFileType = sourcecode.swift; path = UIView.swift; sourceTree = "<group>"; };
		3D6C4DCB25218CD600314930 /* CompanyDataModel.xcdatamodel */ = {isa = PBXFileReference; lastKnownFileType = wrapper.xcdatamodel; path = CompanyDataModel.xcdatamodel; sourceTree = "<group>"; };
		3D6C4DD025218D5700314930 /* CoreDataManager.swift */ = {isa = PBXFileReference; lastKnownFileType = sourcecode.swift; path = CoreDataManager.swift; sourceTree = "<group>"; };
		3DD8C4FE251FCDC5007739F7 /* Companies.app */ = {isa = PBXFileReference; explicitFileType = wrapper.application; includeInIndex = 0; path = Companies.app; sourceTree = BUILT_PRODUCTS_DIR; };
		3DD8C501251FCDC5007739F7 /* AppDelegate.swift */ = {isa = PBXFileReference; lastKnownFileType = sourcecode.swift; path = AppDelegate.swift; sourceTree = "<group>"; };
		3DD8C503251FCDC5007739F7 /* SceneDelegate.swift */ = {isa = PBXFileReference; lastKnownFileType = sourcecode.swift; path = SceneDelegate.swift; sourceTree = "<group>"; };
		3DD8C505251FCDC5007739F7 /* HomeController.swift */ = {isa = PBXFileReference; lastKnownFileType = sourcecode.swift; path = HomeController.swift; sourceTree = "<group>"; };
		3DD8C508251FCDC5007739F7 /* Base */ = {isa = PBXFileReference; lastKnownFileType = file.storyboard; name = Base; path = Base.lproj/Main.storyboard; sourceTree = "<group>"; };
		3DD8C50A251FCDC7007739F7 /* Assets.xcassets */ = {isa = PBXFileReference; lastKnownFileType = folder.assetcatalog; path = Assets.xcassets; sourceTree = "<group>"; };
		3DD8C50D251FCDC7007739F7 /* Base */ = {isa = PBXFileReference; lastKnownFileType = file.storyboard; name = Base; path = Base.lproj/LaunchScreen.storyboard; sourceTree = "<group>"; };
		3DD8C50F251FCDC7007739F7 /* Info.plist */ = {isa = PBXFileReference; lastKnownFileType = text.plist.xml; path = Info.plist; sourceTree = "<group>"; };
		3DD8C51A251FD280007739F7 /* CustomNavigationController.swift */ = {isa = PBXFileReference; lastKnownFileType = sourcecode.swift; path = CustomNavigationController.swift; sourceTree = "<group>"; };
		3DD8C520251FDB2C007739F7 /* UIColor.swift */ = {isa = PBXFileReference; lastKnownFileType = sourcecode.swift; path = UIColor.swift; sourceTree = "<group>"; };
		3DD8C5242520386C007739F7 /* Company.swift */ = {isa = PBXFileReference; lastKnownFileType = sourcecode.swift; path = Company.swift; sourceTree = "<group>"; };
		3DD8C52725203C0A007739F7 /* CreateCompanyController.swift */ = {isa = PBXFileReference; lastKnownFileType = sourcecode.swift; path = CreateCompanyController.swift; sourceTree = "<group>"; };
		3DD8C52A25203F7E007739F7 /* UIViewController.swift */ = {isa = PBXFileReference; lastKnownFileType = sourcecode.swift; path = UIViewController.swift; sourceTree = "<group>"; };
/* End PBXFileReference section */

/* Begin PBXFrameworksBuildPhase section */
		3DD8C4FB251FCDC5007739F7 /* Frameworks */ = {
			isa = PBXFrameworksBuildPhase;
			buildActionMask = 2147483647;
			files = (
			);
			runOnlyForDeploymentPostprocessing = 0;
		};
/* End PBXFrameworksBuildPhase section */

/* Begin PBXGroup section */
		3D6C4DCF25218D4B00314930 /* Manager */ = {
			isa = PBXGroup;
			children = (
				3D6C4DD025218D5700314930 /* CoreDataManager.swift */,
			);
			path = Manager;
			sourceTree = "<group>";
		};
		3DD8C4F5251FCDC5007739F7 = {
			isa = PBXGroup;
			children = (
				3DD8C500251FCDC5007739F7 /* Companies */,
				3DD8C4FF251FCDC5007739F7 /* Products */,
			);
			sourceTree = "<group>";
		};
		3DD8C4FF251FCDC5007739F7 /* Products */ = {
			isa = PBXGroup;
			children = (
				3DD8C4FE251FCDC5007739F7 /* Companies.app */,
			);
			name = Products;
			sourceTree = "<group>";
		};
		3DD8C500251FCDC5007739F7 /* Companies */ = {
			isa = PBXGroup;
			children = (
				3D6C4DCF25218D4B00314930 /* Manager */,
				3DD8C52325203861007739F7 /* Model */,
				3DD8C51F251FDB1A007739F7 /* Extensions */,
				3DD8C519251FD265007739F7 /* Views */,
				3DD8C517251FD212007739F7 /* Controller */,
				3DD8C507251FCDC5007739F7 /* Main.storyboard */,
				3DD8C501251FCDC5007739F7 /* AppDelegate.swift */,
				3DD8C503251FCDC5007739F7 /* SceneDelegate.swift */,
				3DD8C50A251FCDC7007739F7 /* Assets.xcassets */,
				3DD8C50C251FCDC7007739F7 /* LaunchScreen.storyboard */,
				3DD8C50F251FCDC7007739F7 /* Info.plist */,
			);
			path = Companies;
			sourceTree = "<group>";
		};
		3DD8C517251FD212007739F7 /* Controller */ = {
			isa = PBXGroup;
			children = (
				3DD8C505251FCDC5007739F7 /* HomeController.swift */,
				3DD8C52725203C0A007739F7 /* CreateCompanyController.swift */,
			);
			path = Controller;
			sourceTree = "<group>";
		};
		3DD8C519251FD265007739F7 /* Views */ = {
			isa = PBXGroup;
			children = (
				3DD8C51A251FD280007739F7 /* CustomNavigationController.swift */,
			);
			path = Views;
			sourceTree = "<group>";
		};
		3DD8C51F251FDB1A007739F7 /* Extensions */ = {
			isa = PBXGroup;
			children = (
				3DD8C520251FDB2C007739F7 /* UIColor.swift */,
				3DD8C52A25203F7E007739F7 /* UIViewController.swift */,
				3D6C4DB12520F88B00314930 /* UIView.swift */,
			);
			path = Extensions;
			sourceTree = "<group>";
		};
		3DD8C52325203861007739F7 /* Model */ = {
			isa = PBXGroup;
			children = (
				3D6C4DCA25218CD600314930 /* CompanyDataModel.xcdatamodeld */,
				3DD8C5242520386C007739F7 /* Company.swift */,
			);
			path = Model;
			sourceTree = "<group>";
		};
/* End PBXGroup section */

/* Begin PBXNativeTarget section */
		3DD8C4FD251FCDC5007739F7 /* Companies */ = {
			isa = PBXNativeTarget;
			buildConfigurationList = 3DD8C512251FCDC7007739F7 /* Build configuration list for PBXNativeTarget "Companies" */;
			buildPhases = (
				3DD8C4FA251FCDC5007739F7 /* Sources */,
				3DD8C4FB251FCDC5007739F7 /* Frameworks */,
				3DD8C4FC251FCDC5007739F7 /* Resources */,
			);
			buildRules = (
			);
			dependencies = (
			);
			name = Companies;
			productName = Companies;
			productReference = 3DD8C4FE251FCDC5007739F7 /* Companies.app */;
			productType = "com.apple.product-type.application";
		};
/* End PBXNativeTarget section */

/* Begin PBXProject section */
		3DD8C4F6251FCDC5007739F7 /* Project object */ = {
			isa = PBXProject;
			attributes = {
				LastSwiftUpdateCheck = 1200;
				LastUpgradeCheck = 1200;
				TargetAttributes = {
					3DD8C4FD251FCDC5007739F7 = {
						CreatedOnToolsVersion = 12.0;
					};
				};
			};
			buildConfigurationList = 3DD8C4F9251FCDC5007739F7 /* Build configuration list for PBXProject "Companies" */;
			compatibilityVersion = "Xcode 9.3";
			developmentRegion = en;
			hasScannedForEncodings = 0;
			knownRegions = (
				en,
				Base,
			);
			mainGroup = 3DD8C4F5251FCDC5007739F7;
			productRefGroup = 3DD8C4FF251FCDC5007739F7 /* Products */;
			projectDirPath = "";
			projectRoot = "";
			targets = (
				3DD8C4FD251FCDC5007739F7 /* Companies */,
			);
		};
/* End PBXProject section */

/* Begin PBXResourcesBuildPhase section */
		3DD8C4FC251FCDC5007739F7 /* Resources */ = {
			isa = PBXResourcesBuildPhase;
			buildActionMask = 2147483647;
			files = (
				3DD8C50E251FCDC7007739F7 /* LaunchScreen.storyboard in Resources */,
				3DD8C50B251FCDC7007739F7 /* Assets.xcassets in Resources */,
				3DD8C509251FCDC5007739F7 /* Main.storyboard in Resources */,
			);
			runOnlyForDeploymentPostprocessing = 0;
		};
/* End PBXResourcesBuildPhase section */

/* Begin PBXSourcesBuildPhase section */
		3DD8C4FA251FCDC5007739F7 /* Sources */ = {
			isa = PBXSourcesBuildPhase;
			buildActionMask = 2147483647;
			files = (
				3DD8C52B25203F7E007739F7 /* UIViewController.swift in Sources */,
				3DD8C51B251FD280007739F7 /* CustomNavigationController.swift in Sources */,
				3DD8C506251FCDC5007739F7 /* HomeController.swift in Sources */,
				3DD8C502251FCDC5007739F7 /* AppDelegate.swift in Sources */,
				3DD8C52825203C0A007739F7 /* CreateCompanyController.swift in Sources */,
				3DD8C504251FCDC5007739F7 /* SceneDelegate.swift in Sources */,
				3DD8C521251FDB2C007739F7 /* UIColor.swift in Sources */,
				3D6C4DB22520F88B00314930 /* UIView.swift in Sources */,
				3DD8C5252520386C007739F7 /* Company.swift in Sources */,
				3D6C4DCC25218CD600314930 /* CompanyDataModel.xcdatamodeld in Sources */,
				3D6C4DD125218D5700314930 /* CoreDataManager.swift in Sources */,
			);
			runOnlyForDeploymentPostprocessing = 0;
		};
/* End PBXSourcesBuildPhase section */

/* Begin PBXVariantGroup section */
		3DD8C507251FCDC5007739F7 /* Main.storyboard */ = {
			isa = PBXVariantGroup;
			children = (
				3DD8C508251FCDC5007739F7 /* Base */,
			);
			name = Main.storyboard;
			sourceTree = "<group>";
		};
		3DD8C50C251FCDC7007739F7 /* LaunchScreen.storyboard */ = {
			isa = PBXVariantGroup;
			children = (
				3DD8C50D251FCDC7007739F7 /* Base */,
			);
			name = LaunchScreen.storyboard;
			sourceTree = "<group>";
		};
/* End PBXVariantGroup section */

/* Begin XCBuildConfiguration section */
		3DD8C510251FCDC7007739F7 /* Debug */ = {
			isa = XCBuildConfiguration;
			buildSettings = {
				ALWAYS_SEARCH_USER_PATHS = NO;
				CLANG_ANALYZER_NONNULL = YES;
				CLANG_ANALYZER_NUMBER_OBJECT_CONVERSION = YES_AGGRESSIVE;
				CLANG_CXX_LANGUAGE_STANDARD = "gnu++14";
				CLANG_CXX_LIBRARY = "libc++";
				CLANG_ENABLE_MODULES = YES;
				CLANG_ENABLE_OBJC_ARC = YES;
				CLANG_ENABLE_OBJC_WEAK = YES;
				CLANG_WARN_BLOCK_CAPTURE_AUTORELEASING = YES;
				CLANG_WARN_BOOL_CONVERSION = YES;
				CLANG_WARN_COMMA = YES;
				CLANG_WARN_CONSTANT_CONVERSION = YES;
				CLANG_WARN_DEPRECATED_OBJC_IMPLEMENTATIONS = YES;
				CLANG_WARN_DIRECT_OBJC_ISA_USAGE = YES_ERROR;
				CLANG_WARN_DOCUMENTATION_COMMENTS = YES;
				CLANG_WARN_EMPTY_BODY = YES;
				CLANG_WARN_ENUM_CONVERSION = YES;
				CLANG_WARN_INFINITE_RECURSION = YES;
				CLANG_WARN_INT_CONVERSION = YES;
				CLANG_WARN_NON_LITERAL_NULL_CONVERSION = YES;
				CLANG_WARN_OBJC_IMPLICIT_RETAIN_SELF = YES;
				CLANG_WARN_OBJC_LITERAL_CONVERSION = YES;
				CLANG_WARN_OBJC_ROOT_CLASS = YES_ERROR;
				CLANG_WARN_QUOTED_INCLUDE_IN_FRAMEWORK_HEADER = YES;
				CLANG_WARN_RANGE_LOOP_ANALYSIS = YES;
				CLANG_WARN_STRICT_PROTOTYPES = YES;
				CLANG_WARN_SUSPICIOUS_MOVE = YES;
				CLANG_WARN_UNGUARDED_AVAILABILITY = YES_AGGRESSIVE;
				CLANG_WARN_UNREACHABLE_CODE = YES;
				CLANG_WARN__DUPLICATE_METHOD_MATCH = YES;
				COPY_PHASE_STRIP = NO;
				DEBUG_INFORMATION_FORMAT = dwarf;
				ENABLE_STRICT_OBJC_MSGSEND = YES;
				ENABLE_TESTABILITY = YES;
				GCC_C_LANGUAGE_STANDARD = gnu11;
				GCC_DYNAMIC_NO_PIC = NO;
				GCC_NO_COMMON_BLOCKS = YES;
				GCC_OPTIMIZATION_LEVEL = 0;
				GCC_PREPROCESSOR_DEFINITIONS = (
					"DEBUG=1",
					"$(inherited)",
				);
				GCC_WARN_64_TO_32_BIT_CONVERSION = YES;
				GCC_WARN_ABOUT_RETURN_TYPE = YES_ERROR;
				GCC_WARN_UNDECLARED_SELECTOR = YES;
				GCC_WARN_UNINITIALIZED_AUTOS = YES_AGGRESSIVE;
				GCC_WARN_UNUSED_FUNCTION = YES;
				GCC_WARN_UNUSED_VARIABLE = YES;
				IPHONEOS_DEPLOYMENT_TARGET = 14.0;
				MTL_ENABLE_DEBUG_INFO = INCLUDE_SOURCE;
				MTL_FAST_MATH = YES;
				ONLY_ACTIVE_ARCH = YES;
				SDKROOT = iphoneos;
				SWIFT_ACTIVE_COMPILATION_CONDITIONS = DEBUG;
				SWIFT_OPTIMIZATION_LEVEL = "-Onone";
			};
			name = Debug;
		};
		3DD8C511251FCDC7007739F7 /* Release */ = {
			isa = XCBuildConfiguration;
			buildSettings = {
				ALWAYS_SEARCH_USER_PATHS = NO;
				CLANG_ANALYZER_NONNULL = YES;
				CLANG_ANALYZER_NUMBER_OBJECT_CONVERSION = YES_AGGRESSIVE;
				CLANG_CXX_LANGUAGE_STANDARD = "gnu++14";
				CLANG_CXX_LIBRARY = "libc++";
				CLANG_ENABLE_MODULES = YES;
				CLANG_ENABLE_OBJC_ARC = YES;
				CLANG_ENABLE_OBJC_WEAK = YES;
				CLANG_WARN_BLOCK_CAPTURE_AUTORELEASING = YES;
				CLANG_WARN_BOOL_CONVERSION = YES;
				CLANG_WARN_COMMA = YES;
				CLANG_WARN_CONSTANT_CONVERSION = YES;
				CLANG_WARN_DEPRECATED_OBJC_IMPLEMENTATIONS = YES;
				CLANG_WARN_DIRECT_OBJC_ISA_USAGE = YES_ERROR;
				CLANG_WARN_DOCUMENTATION_COMMENTS = YES;
				CLANG_WARN_EMPTY_BODY = YES;
				CLANG_WARN_ENUM_CONVERSION = YES;
				CLANG_WARN_INFINITE_RECURSION = YES;
				CLANG_WARN_INT_CONVERSION = YES;
				CLANG_WARN_NON_LITERAL_NULL_CONVERSION = YES;
				CLANG_WARN_OBJC_IMPLICIT_RETAIN_SELF = YES;
				CLANG_WARN_OBJC_LITERAL_CONVERSION = YES;
				CLANG_WARN_OBJC_ROOT_CLASS = YES_ERROR;
				CLANG_WARN_QUOTED_INCLUDE_IN_FRAMEWORK_HEADER = YES;
				CLANG_WARN_RANGE_LOOP_ANALYSIS = YES;
				CLANG_WARN_STRICT_PROTOTYPES = YES;
				CLANG_WARN_SUSPICIOUS_MOVE = YES;
				CLANG_WARN_UNGUARDED_AVAILABILITY = YES_AGGRESSIVE;
				CLANG_WARN_UNREACHABLE_CODE = YES;
				CLANG_WARN__DUPLICATE_METHOD_MATCH = YES;
				COPY_PHASE_STRIP = NO;
				DEBUG_INFORMATION_FORMAT = "dwarf-with-dsym";
				ENABLE_NS_ASSERTIONS = NO;
				ENABLE_STRICT_OBJC_MSGSEND = YES;
				GCC_C_LANGUAGE_STANDARD = gnu11;
				GCC_NO_COMMON_BLOCKS = YES;
				GCC_WARN_64_TO_32_BIT_CONVERSION = YES;
				GCC_WARN_ABOUT_RETURN_TYPE = YES_ERROR;
				GCC_WARN_UNDECLARED_SELECTOR = YES;
				GCC_WARN_UNINITIALIZED_AUTOS = YES_AGGRESSIVE;
				GCC_WARN_UNUSED_FUNCTION = YES;
				GCC_WARN_UNUSED_VARIABLE = YES;
				IPHONEOS_DEPLOYMENT_TARGET = 14.0;
				MTL_ENABLE_DEBUG_INFO = NO;
				MTL_FAST_MATH = YES;
				SDKROOT = iphoneos;
				SWIFT_COMPILATION_MODE = wholemodule;
				SWIFT_OPTIMIZATION_LEVEL = "-O";
				VALIDATE_PRODUCT = YES;
			};
			name = Release;
		};
		3DD8C513251FCDC7007739F7 /* Debug */ = {
			isa = XCBuildConfiguration;
			buildSettings = {
				ASSETCATALOG_COMPILER_APPICON_NAME = AppIcon;
				ASSETCATALOG_COMPILER_GLOBAL_ACCENT_COLOR_NAME = AccentColor;
				CODE_SIGN_STYLE = Automatic;
				DEVELOPMENT_TEAM = YNSMJAS38V;
				INFOPLIST_FILE = Companies/Info.plist;
				LD_RUNPATH_SEARCH_PATHS = (
					"$(inherited)",
					"@executable_path/Frameworks",
				);
				PRODUCT_BUNDLE_IDENTIFIER = com.williamyeung.Companies;
				PRODUCT_NAME = "$(TARGET_NAME)";
				SWIFT_VERSION = 5.0;
				TARGETED_DEVICE_FAMILY = "1,2";
			};
			name = Debug;
		};
		3DD8C514251FCDC7007739F7 /* Release */ = {
			isa = XCBuildConfiguration;
			buildSettings = {
				ASSETCATALOG_COMPILER_APPICON_NAME = AppIcon;
				ASSETCATALOG_COMPILER_GLOBAL_ACCENT_COLOR_NAME = AccentColor;
				CODE_SIGN_STYLE = Automatic;
				DEVELOPMENT_TEAM = YNSMJAS38V;
				INFOPLIST_FILE = Companies/Info.plist;
				LD_RUNPATH_SEARCH_PATHS = (
					"$(inherited)",
					"@executable_path/Frameworks",
				);
				PRODUCT_BUNDLE_IDENTIFIER = com.williamyeung.Companies;
				PRODUCT_NAME = "$(TARGET_NAME)";
				SWIFT_VERSION = 5.0;
				TARGETED_DEVICE_FAMILY = "1,2";
			};
			name = Release;
		};
/* End XCBuildConfiguration section */

/* Begin XCConfigurationList section */
		3DD8C4F9251FCDC5007739F7 /* Build configuration list for PBXProject "Companies" */ = {
			isa = XCConfigurationList;
			buildConfigurations = (
				3DD8C510251FCDC7007739F7 /* Debug */,
				3DD8C511251FCDC7007739F7 /* Release */,
			);
			defaultConfigurationIsVisible = 0;
			defaultConfigurationName = Release;
		};
		3DD8C512251FCDC7007739F7 /* Build configuration list for PBXNativeTarget "Companies" */ = {
			isa = XCConfigurationList;
			buildConfigurations = (
				3DD8C513251FCDC7007739F7 /* Debug */,
				3DD8C514251FCDC7007739F7 /* Release */,
			);
			defaultConfigurationIsVisible = 0;
			defaultConfigurationName = Release;
		};
/* End XCConfigurationList section */

/* Begin XCVersionGroup section */
		3D6C4DCA25218CD600314930 /* CompanyDataModel.xcdatamodeld */ = {
			isa = XCVersionGroup;
			children = (
				3D6C4DCB25218CD600314930 /* CompanyDataModel.xcdatamodel */,
			);
			currentVersion = 3D6C4DCB25218CD600314930 /* CompanyDataModel.xcdatamodel */;
			path = CompanyDataModel.xcdatamodeld;
			sourceTree = "<group>";
			versionGroupType = wrapper.xcdatamodel;
		};
/* End XCVersionGroup section */
	};
	rootObject = 3DD8C4F6251FCDC5007739F7 /* Project object */;
}
